
Microsoft Visual Studio Solution File, Format Version 12.00
# Visual Studio Version 16
VisualStudioVersion = 16.0.30517.126
MinimumVisualStudioVersion = 10.0.40219.1
Project("{FAE04EC0-301F-11D3-BF4B-00C04F79EFBC}") = "Wallet", "Wallet\Wallet.csproj", "{EE38EBF7-9D22-4204-A481-5CC3E23D055E}"
EndProject
Global
	GlobalSection(SolutionConfigurationPlatforms) = preSolution
		Debug|Any CPU = Debug|Any CPU
		Release|Any CPU = Release|Any CPU
	EndGlobalSection
	GlobalSection(ProjectConfigurationPlatforms) = postSolution
		{EE38EBF7-9D22-4204-A481-5CC3E23D055E}.Debug|Any CPU.ActiveCfg = Debug|Any CPU
		{EE38EBF7-9D22-4204-A481-5CC3E23D055E}.Debug|Any CPU.Build.0 = Debug|Any CPU
		{EE38EBF7-9D22-4204-A481-5CC3E23D055E}.Release|Any CPU.ActiveCfg = Release|Any CPU
		{EE38EBF7-9D22-4204-A481-5CC3E23D055E}.Release|Any CPU.Build.0 = Release|Any CPU
	EndGlobalSection
	GlobalSection(SolutionProperties) = preSolution
		HideSolutionNode = FALSE
	EndGlobalSection
	GlobalSection(ExtensibilityGlobals) = postSolution
		SolutionGuid = {B24D7843-8046-4334-8FEF-FB0BF570220C}
	EndGlobalSection
EndGlobal
